
Microsoft Visual Studio Solution File, Format Version 10.00
# Visual Studio 2008
Project("{8BC9CEB8-8B4A-11D0-8D11-00A0C91BC942}") = "EasyBar", "EasyBar.vcproj", "{1823ADEE-EF14-4C5B-BCA0-D2425B734A35}"
EndProject
Global
	GlobalSection(SolutionConfigurationPlatforms) = preSolution
		Debug|Win32 = Debug|Win32
		Release|Win32 = Release|Win32
	EndGlobalSection
	GlobalSection(ProjectConfigurationPlatforms) = postSolution
		{1823ADEE-EF14-4C5B-BCA0-D2425B734A35}.Debug|Win32.ActiveCfg = Debug|Win32
		{1823ADEE-EF14-4C5B-BCA0-D2425B734A35}.Debug|Win32.Build.0 = Debug|Win32
		{1823ADEE-EF14-4C5B-BCA0-D2425B734A35}.Release|Win32.ActiveCfg = Release|Win32
		{1823ADEE-EF14-4C5B-BCA0-D2425B734A35}.Release|Win32.Build.0 = Release|Win32
	EndGlobalSection
	GlobalSection(SolutionProperties) = preSolution
		HideSolutionNode = FALSE
	EndGlobalSection
EndGlobal
